
Microsoft Visual Studio Solution File, Format Version 12.00
# Visual Studio 15
VisualStudioVersion = 15.0.26403.7
MinimumVisualStudioVersion = 10.0.40219.1
Project("{9A19103F-16F7-4668-BE54-9A1E7A4F7556}") = "HealthyFinancesLibrary", "HealthyFinances\HealthyFinancesLibrary.csproj", "{8379B573-F796-4395-80C4-A1D1A9A15264}"
EndProject
Project("{9A19103F-16F7-4668-BE54-9A1E7A4F7556}") = "WebApplication", "WebApplication\WebApplication.csproj", "{C1AA0F93-0BE5-47BE-A44E-3E46C3F92870}"
EndProject
Project("{FAE04EC0-301F-11D3-BF4B-00C04F79EFBC}") = "WindowsFormsApplication", "WindowsApplication\WindowsFormsApplication.csproj", "{0FA7B4BD-C040-4EC8-8A05-C088CBFC9951}"
EndProject
Project("{FAE04EC0-301F-11D3-BF4B-00C04F79EFBC}") = "WpfApplication", "WpfApplication\WpfApplication.csproj", "{26144515-9E77-4A1F-88CE-33158A80894F}"
EndProject
Project("{FAE04EC0-301F-11D3-BF4B-00C04F79EFBC}") = "MobileApplication.Android", "MobileApplication\MobileApplication.Android\MobileApplication.Android.csproj", "{BFB37673-75A4-45D6-855D-1EDD85AB36ED}"
EndProject
Project("{FAE04EC0-301F-11D3-BF4B-00C04F79EFBC}") = "MobileApplication.iOS", "MobileApplication\MobileApplication.iOS\MobileApplication.iOS.csproj", "{92731263-F4E4-4624-A617-E3ACC97F31C8}"
EndProject
Project("{FAE04EC0-301F-11D3-BF4B-00C04F79EFBC}") = "MobileApplication.UWP", "MobileApplication\MobileApplication.UWP\MobileApplication.UWP.csproj", "{20C44B37-340C-45F8-A1CD-EA4E59B0FCE6}"
EndProject
Project("{9A19103F-16F7-4668-BE54-9A1E7A4F7556}") = "MobileApplication", "MobileApplication\MobileApplication\MobileApplication.csproj", "{4C8B35FF-3F3D-44D4-8D7E-F7B053E9D28D}"
EndProject
Project("{2150E333-8FDC-42A3-9474-1A3956D46DE8}") = "Solution Items", "Solution Items", "{4C0E4522-AD0E-4136-A762-1E7C020726A0}"
	ProjectSection(SolutionItems) = preProject
		README.md = README.md
	EndProjectSection
EndProject
Global
	GlobalSection(SolutionConfigurationPlatforms) = preSolution
		Debug|Any CPU = Debug|Any CPU
		Debug|ARM = Debug|ARM
		Debug|iPhone = Debug|iPhone
		Debug|iPhoneSimulator = Debug|iPhoneSimulator
		Debug|x64 = Debug|x64
		Debug|x86 = Debug|x86
		Release|Any CPU = Release|Any CPU
		Release|ARM = Release|ARM
		Release|iPhone = Release|iPhone
		Release|iPhoneSimulator = Release|iPhoneSimulator
		Release|x64 = Release|x64
		Release|x86 = Release|x86
	EndGlobalSection
	GlobalSection(ProjectConfigurationPlatforms) = postSolution
		{8379B573-F796-4395-80C4-A1D1A9A15264}.Debug|Any CPU.ActiveCfg = Debug|Any CPU
		{8379B573-F796-4395-80C4-A1D1A9A15264}.Debug|Any CPU.Build.0 = Debug|Any CPU
		{8379B573-F796-4395-80C4-A1D1A9A15264}.Debug|ARM.ActiveCfg = Debug|Any CPU
		{8379B573-F796-4395-80C4-A1D1A9A15264}.Debug|ARM.Build.0 = Debug|Any CPU
		{8379B573-F796-4395-80C4-A1D1A9A15264}.Debug|iPhone.ActiveCfg = Debug|Any CPU
		{8379B573-F796-4395-80C4-A1D1A9A15264}.Debug|iPhone.Build.0 = Debug|Any CPU
		{8379B573-F796-4395-80C4-A1D1A9A15264}.Debug|iPhoneSimulator.ActiveCfg = Debug|Any CPU
		{8379B573-F796-4395-80C4-A1D1A9A15264}.Debug|iPhoneSimulator.Build.0 = Debug|Any CPU
		{8379B573-F796-4395-80C4-A1D1A9A15264}.Debug|x64.ActiveCfg = Debug|Any CPU
		{8379B573-F796-4395-80C4-A1D1A9A15264}.Debug|x64.Build.0 = Debug|Any CPU
		{8379B573-F796-4395-80C4-A1D1A9A15264}.Debug|x86.ActiveCfg = Debug|Any CPU
		{8379B573-F796-4395-80C4-A1D1A9A15264}.Debug|x86.Build.0 = Debug|Any CPU
		{8379B573-F796-4395-80C4-A1D1A9A15264}.Release|Any CPU.ActiveCfg = Release|Any CPU
		{8379B573-F796-4395-80C4-A1D1A9A15264}.Release|Any CPU.Build.0 = Release|Any CPU
		{8379B573-F796-4395-80C4-A1D1A9A15264}.Release|ARM.ActiveCfg = Release|Any CPU
		{8379B573-F796-4395-80C4-A1D1A9A15264}.Release|ARM.Build.0 = Release|Any CPU
		{8379B573-F796-4395-80C4-A1D1A9A15264}.Release|iPhone.ActiveCfg = Release|Any CPU
		{8379B573-F796-4395-80C4-A1D1A9A15264}.Release|iPhone.Build.0 = Release|Any CPU
		{8379B573-F796-4395-80C4-A1D1A9A15264}.Release|iPhoneSimulator.ActiveCfg = Release|Any CPU
		{8379B573-F796-4395-80C4-A1D1A9A15264}.Release|iPhoneSimulator.Build.0 = Release|Any CPU
		{8379B573-F796-4395-80C4-A1D1A9A15264}.Release|x64.ActiveCfg = Release|Any CPU
		{8379B573-F796-4395-80C4-A1D1A9A15264}.Release|x64.Build.0 = Release|Any CPU
		{8379B573-F796-4395-80C4-A1D1A9A15264}.Release|x86.ActiveCfg = Release|Any CPU
		{8379B573-F796-4395-80C4-A1D1A9A15264}.Release|x86.Build.0 = Release|Any CPU
		{C1AA0F93-0BE5-47BE-A44E-3E46C3F92870}.Debug|Any CPU.ActiveCfg = Debug|Any CPU
		{C1AA0F93-0BE5-47BE-A44E-3E46C3F92870}.Debug|Any CPU.Build.0 = Debug|Any CPU
		{C1AA0F93-0BE5-47BE-A44E-3E46C3F92870}.Debug|ARM.ActiveCfg = Debug|Any CPU
		{C1AA0F93-0BE5-47BE-A44E-3E46C3F92870}.Debug|ARM.Build.0 = Debug|Any CPU
		{C1AA0F93-0BE5-47BE-A44E-3E46C3F92870}.Debug|iPhone.ActiveCfg = Debug|Any CPU
		{C1AA0F93-0BE5-47BE-A44E-3E46C3F92870}.Debug|iPhone.Build.0 = Debug|Any CPU
		{C1AA0F93-0BE5-47BE-A44E-3E46C3F92870}.Debug|iPhoneSimulator.ActiveCfg = Debug|Any CPU
		{C1AA0F93-0BE5-47BE-A44E-3E46C3F92870}.Debug|iPhoneSimulator.Build.0 = Debug|Any CPU
		{C1AA0F93-0BE5-47BE-A44E-3E46C3F92870}.Debug|x64.ActiveCfg = Debug|Any CPU
		{C1AA0F93-0BE5-47BE-A44E-3E46C3F92870}.Debug|x64.Build.0 = Debug|Any CPU
		{C1AA0F93-0BE5-47BE-A44E-3E46C3F92870}.Debug|x86.ActiveCfg = Debug|Any CPU
		{C1AA0F93-0BE5-47BE-A44E-3E46C3F92870}.Debug|x86.Build.0 = Debug|Any CPU
		{C1AA0F93-0BE5-47BE-A44E-3E46C3F92870}.Release|Any CPU.ActiveCfg = Release|Any CPU
		{C1AA0F93-0BE5-47BE-A44E-3E46C3F92870}.Release|Any CPU.Build.0 = Release|Any CPU
		{C1AA0F93-0BE5-47BE-A44E-3E46C3F92870}.Release|ARM.ActiveCfg = Release|Any CPU
		{C1AA0F93-0BE5-47BE-A44E-3E46C3F92870}.Release|ARM.Build.0 = Release|Any CPU
		{C1AA0F93-0BE5-47BE-A44E-3E46C3F92870}.Release|iPhone.ActiveCfg = Release|Any CPU
		{C1AA0F93-0BE5-47BE-A44E-3E46C3F92870}.Release|iPhone.Build.0 = Release|Any CPU
		{C1AA0F93-0BE5-47BE-A44E-3E46C3F92870}.Release|iPhoneSimulator.ActiveCfg = Release|Any CPU
		{C1AA0F93-0BE5-47BE-A44E-3E46C3F92870}.Release|iPhoneSimulator.Build.0 = Release|Any CPU
		{C1AA0F93-0BE5-47BE-A44E-3E46C3F92870}.Release|x64.ActiveCfg = Release|Any CPU
		{C1AA0F93-0BE5-47BE-A44E-3E46C3F92870}.Release|x64.Build.0 = Release|Any CPU
		{C1AA0F93-0BE5-47BE-A44E-3E46C3F92870}.Release|x86.ActiveCfg = Release|Any CPU
		{C1AA0F93-0BE5-47BE-A44E-3E46C3F92870}.Release|x86.Build.0 = Release|Any CPU
		{0FA7B4BD-C040-4EC8-8A05-C088CBFC9951}.Debug|Any CPU.ActiveCfg = Debug|Any CPU
		{0FA7B4BD-C040-4EC8-8A05-C088CBFC9951}.Debug|Any CPU.Build.0 = Debug|Any CPU
		{0FA7B4BD-C040-4EC8-8A05-C088CBFC9951}.Debug|ARM.ActiveCfg = Debug|Any CPU
		{0FA7B4BD-C040-4EC8-8A05-C088CBFC9951}.Debug|ARM.Build.0 = Debug|Any CPU
		{0FA7B4BD-C040-4EC8-8A05-C088CBFC9951}.Debug|iPhone.ActiveCfg = Debug|Any CPU
		{0FA7B4BD-C040-4EC8-8A05-C088CBFC9951}.Debug|iPhone.Build.0 = Debug|Any CPU
		{0FA7B4BD-C040-4EC8-8A05-C088CBFC9951}.Debug|iPhoneSimulator.ActiveCfg = Debug|Any CPU
		{0FA7B4BD-C040-4EC8-8A05-C088CBFC9951}.Debug|iPhoneSimulator.Build.0 = Debug|Any CPU
		{0FA7B4BD-C040-4EC8-8A05-C088CBFC9951}.Debug|x64.ActiveCfg = Debug|Any CPU
		{0FA7B4BD-C040-4EC8-8A05-C088CBFC9951}.Debug|x64.Build.0 = Debug|Any CPU
		{0FA7B4BD-C040-4EC8-8A05-C088CBFC9951}.Debug|x86.ActiveCfg = Debug|Any CPU
		{0FA7B4BD-C040-4EC8-8A05-C088CBFC9951}.Debug|x86.Build.0 = Debug|Any CPU
		{0FA7B4BD-C040-4EC8-8A05-C088CBFC9951}.Release|Any CPU.ActiveCfg = Release|Any CPU
		{0FA7B4BD-C040-4EC8-8A05-C088CBFC9951}.Release|Any CPU.Build.0 = Release|Any CPU
		{0FA7B4BD-C040-4EC8-8A05-C088CBFC9951}.Release|ARM.ActiveCfg = Release|Any CPU
		{0FA7B4BD-C040-4EC8-8A05-C088CBFC9951}.Release|ARM.Build.0 = Release|Any CPU
		{0FA7B4BD-C040-4EC8-8A05-C088CBFC9951}.Release|iPhone.ActiveCfg = Release|Any CPU
		{0FA7B4BD-C040-4EC8-8A05-C088CBFC9951}.Release|iPhone.Build.0 = Release|Any CPU
		{0FA7B4BD-C040-4EC8-8A05-C088CBFC9951}.Release|iPhoneSimulator.ActiveCfg = Release|Any CPU
		{0FA7B4BD-C040-4EC8-8A05-C088CBFC9951}.Release|iPhoneSimulator.Build.0 = Release|Any CPU
		{0FA7B4BD-C040-4EC8-8A05-C088CBFC9951}.Release|x64.ActiveCfg = Release|Any CPU
		{0FA7B4BD-C040-4EC8-8A05-C088CBFC9951}.Release|x64.Build.0 = Release|Any CPU
		{0FA7B4BD-C040-4EC8-8A05-C088CBFC9951}.Release|x86.ActiveCfg = Release|Any CPU
		{0FA7B4BD-C040-4EC8-8A05-C088CBFC9951}.Release|x86.Build.0 = Release|Any CPU
		{26144515-9E77-4A1F-88CE-33158A80894F}.Debug|Any CPU.ActiveCfg = Debug|Any CPU
		{26144515-9E77-4A1F-88CE-33158A80894F}.Debug|Any CPU.Build.0 = Debug|Any CPU
		{26144515-9E77-4A1F-88CE-33158A80894F}.Debug|ARM.ActiveCfg = Debug|Any CPU
		{26144515-9E77-4A1F-88CE-33158A80894F}.Debug|ARM.Build.0 = Debug|Any CPU
		{26144515-9E77-4A1F-88CE-33158A80894F}.Debug|iPhone.ActiveCfg = Debug|Any CPU
		{26144515-9E77-4A1F-88CE-33158A80894F}.Debug|iPhone.Build.0 = Debug|Any CPU
		{26144515-9E77-4A1F-88CE-33158A80894F}.Debug|iPhoneSimulator.ActiveCfg = Debug|Any CPU
		{26144515-9E77-4A1F-88CE-33158A80894F}.Debug|iPhoneSimulator.Build.0 = Debug|Any CPU
		{26144515-9E77-4A1F-88CE-33158A80894F}.Debug|x64.ActiveCfg = Debug|Any CPU
		{26144515-9E77-4A1F-88CE-33158A80894F}.Debug|x64.Build.0 = Debug|Any CPU
		{26144515-9E77-4A1F-88CE-33158A80894F}.Debug|x86.ActiveCfg = Debug|Any CPU
		{26144515-9E77-4A1F-88CE-33158A80894F}.Debug|x86.Build.0 = Debug|Any CPU
		{26144515-9E77-4A1F-88CE-33158A80894F}.Release|Any CPU.ActiveCfg = Release|Any CPU
		{26144515-9E77-4A1F-88CE-33158A80894F}.Release|Any CPU.Build.0 = Release|Any CPU
		{26144515-9E77-4A1F-88CE-33158A80894F}.Release|ARM.ActiveCfg = Release|Any CPU
		{26144515-9E77-4A1F-88CE-33158A80894F}.Release|ARM.Build.0 = Release|Any CPU
		{26144515-9E77-4A1F-88CE-33158A80894F}.Release|iPhone.ActiveCfg = Release|Any CPU
		{26144515-9E77-4A1F-88CE-33158A80894F}.Release|iPhone.Build.0 = Release|Any CPU
		{26144515-9E77-4A1F-88CE-33158A80894F}.Release|iPhoneSimulator.ActiveCfg = Release|Any CPU
		{26144515-9E77-4A1F-88CE-33158A80894F}.Release|iPhoneSimulator.Build.0 = Release|Any CPU
		{26144515-9E77-4A1F-88CE-33158A80894F}.Release|x64.ActiveCfg = Release|Any CPU
		{26144515-9E77-4A1F-88CE-33158A80894F}.Release|x64.Build.0 = Release|Any CPU
		{26144515-9E77-4A1F-88CE-33158A80894F}.Release|x86.ActiveCfg = Release|Any CPU
		{26144515-9E77-4A1F-88CE-33158A80894F}.Release|x86.Build.0 = Release|Any CPU
		{BFB37673-75A4-45D6-855D-1EDD85AB36ED}.Debug|Any CPU.ActiveCfg = Debug|Any CPU
		{BFB37673-75A4-45D6-855D-1EDD85AB36ED}.Debug|Any CPU.Build.0 = Debug|Any CPU
		{BFB37673-75A4-45D6-855D-1EDD85AB36ED}.Debug|Any CPU.Deploy.0 = Debug|Any CPU
		{BFB37673-75A4-45D6-855D-1EDD85AB36ED}.Debug|ARM.ActiveCfg = Debug|Any CPU
		{BFB37673-75A4-45D6-855D-1EDD85AB36ED}.Debug|ARM.Build.0 = Debug|Any CPU
		{BFB37673-75A4-45D6-855D-1EDD85AB36ED}.Debug|ARM.Deploy.0 = Debug|Any CPU
		{BFB37673-75A4-45D6-855D-1EDD85AB36ED}.Debug|iPhone.ActiveCfg = Debug|Any CPU
		{BFB37673-75A4-45D6-855D-1EDD85AB36ED}.Debug|iPhone.Build.0 = Debug|Any CPU
		{BFB37673-75A4-45D6-855D-1EDD85AB36ED}.Debug|iPhone.Deploy.0 = Debug|Any CPU
		{BFB37673-75A4-45D6-855D-1EDD85AB36ED}.Debug|iPhoneSimulator.ActiveCfg = Debug|Any CPU
		{BFB37673-75A4-45D6-855D-1EDD85AB36ED}.Debug|iPhoneSimulator.Build.0 = Debug|Any CPU
		{BFB37673-75A4-45D6-855D-1EDD85AB36ED}.Debug|iPhoneSimulator.Deploy.0 = Debug|Any CPU
		{BFB37673-75A4-45D6-855D-1EDD85AB36ED}.Debug|x64.ActiveCfg = Debug|Any CPU
		{BFB37673-75A4-45D6-855D-1EDD85AB36ED}.Debug|x64.Build.0 = Debug|Any CPU
		{BFB37673-75A4-45D6-855D-1EDD85AB36ED}.Debug|x64.Deploy.0 = Debug|Any CPU
		{BFB37673-75A4-45D6-855D-1EDD85AB36ED}.Debug|x86.ActiveCfg = Debug|Any CPU
		{BFB37673-75A4-45D6-855D-1EDD85AB36ED}.Debug|x86.Build.0 = Debug|Any CPU
		{BFB37673-75A4-45D6-855D-1EDD85AB36ED}.Debug|x86.Deploy.0 = Debug|Any CPU
		{BFB37673-75A4-45D6-855D-1EDD85AB36ED}.Release|Any CPU.ActiveCfg = Release|Any CPU
		{BFB37673-75A4-45D6-855D-1EDD85AB36ED}.Release|Any CPU.Build.0 = Release|Any CPU
		{BFB37673-75A4-45D6-855D-1EDD85AB36ED}.Release|Any CPU.Deploy.0 = Release|Any CPU
		{BFB37673-75A4-45D6-855D-1EDD85AB36ED}.Release|ARM.ActiveCfg = Release|Any CPU
		{BFB37673-75A4-45D6-855D-1EDD85AB36ED}.Release|ARM.Build.0 = Release|Any CPU
		{BFB37673-75A4-45D6-855D-1EDD85AB36ED}.Release|ARM.Deploy.0 = Release|Any CPU
		{BFB37673-75A4-45D6-855D-1EDD85AB36ED}.Release|iPhone.ActiveCfg = Release|Any CPU
		{BFB37673-75A4-45D6-855D-1EDD85AB36ED}.Release|iPhone.Build.0 = Release|Any CPU
		{BFB37673-75A4-45D6-855D-1EDD85AB36ED}.Release|iPhone.Deploy.0 = Release|Any CPU
		{BFB37673-75A4-45D6-855D-1EDD85AB36ED}.Release|iPhoneSimulator.ActiveCfg = Release|Any CPU
		{BFB37673-75A4-45D6-855D-1EDD85AB36ED}.Release|iPhoneSimulator.Build.0 = Release|Any CPU
		{BFB37673-75A4-45D6-855D-1EDD85AB36ED}.Release|iPhoneSimulator.Deploy.0 = Release|Any CPU
		{BFB37673-75A4-45D6-855D-1EDD85AB36ED}.Release|x64.ActiveCfg = Release|Any CPU
		{BFB37673-75A4-45D6-855D-1EDD85AB36ED}.Release|x64.Build.0 = Release|Any CPU
		{BFB37673-75A4-45D6-855D-1EDD85AB36ED}.Release|x64.Deploy.0 = Release|Any CPU
		{BFB37673-75A4-45D6-855D-1EDD85AB36ED}.Release|x86.ActiveCfg = Release|Any CPU
		{BFB37673-75A4-45D6-855D-1EDD85AB36ED}.Release|x86.Build.0 = Release|Any CPU
		{BFB37673-75A4-45D6-855D-1EDD85AB36ED}.Release|x86.Deploy.0 = Release|Any CPU
		{92731263-F4E4-4624-A617-E3ACC97F31C8}.Debug|Any CPU.ActiveCfg = Debug|iPhone
		{92731263-F4E4-4624-A617-E3ACC97F31C8}.Debug|ARM.ActiveCfg = Debug|iPhone
		{92731263-F4E4-4624-A617-E3ACC97F31C8}.Debug|iPhone.ActiveCfg = Debug|iPhone
		{92731263-F4E4-4624-A617-E3ACC97F31C8}.Debug|iPhone.Build.0 = Debug|iPhone
		{92731263-F4E4-4624-A617-E3ACC97F31C8}.Debug|iPhoneSimulator.ActiveCfg = Debug|iPhoneSimulator
		{92731263-F4E4-4624-A617-E3ACC97F31C8}.Debug|iPhoneSimulator.Build.0 = Debug|iPhoneSimulator
		{92731263-F4E4-4624-A617-E3ACC97F31C8}.Debug|x64.ActiveCfg = Debug|iPhone
		{92731263-F4E4-4624-A617-E3ACC97F31C8}.Debug|x86.ActiveCfg = Debug|iPhone
		{92731263-F4E4-4624-A617-E3ACC97F31C8}.Release|Any CPU.ActiveCfg = Release|iPhone
		{92731263-F4E4-4624-A617-E3ACC97F31C8}.Release|ARM.ActiveCfg = Release|iPhone
		{92731263-F4E4-4624-A617-E3ACC97F31C8}.Release|iPhone.ActiveCfg = Release|iPhone
		{92731263-F4E4-4624-A617-E3ACC97F31C8}.Release|iPhone.Build.0 = Release|iPhone
		{92731263-F4E4-4624-A617-E3ACC97F31C8}.Release|iPhoneSimulator.ActiveCfg = Release|iPhoneSimulator
		{92731263-F4E4-4624-A617-E3ACC97F31C8}.Release|iPhoneSimulator.Build.0 = Release|iPhoneSimulator
		{92731263-F4E4-4624-A617-E3ACC97F31C8}.Release|x64.ActiveCfg = Release|iPhone
		{92731263-F4E4-4624-A617-E3ACC97F31C8}.Release|x86.ActiveCfg = Release|iPhone
		{20C44B37-340C-45F8-A1CD-EA4E59B0FCE6}.Debug|Any CPU.ActiveCfg = Debug|x86
		{20C44B37-340C-45F8-A1CD-EA4E59B0FCE6}.Debug|ARM.ActiveCfg = Debug|ARM
		{20C44B37-340C-45F8-A1CD-EA4E59B0FCE6}.Debug|ARM.Build.0 = Debug|ARM
		{20C44B37-340C-45F8-A1CD-EA4E59B0FCE6}.Debug|ARM.Deploy.0 = Debug|ARM
		{20C44B37-340C-45F8-A1CD-EA4E59B0FCE6}.Debug|iPhone.ActiveCfg = Debug|x86
		{20C44B37-340C-45F8-A1CD-EA4E59B0FCE6}.Debug|iPhoneSimulator.ActiveCfg = Debug|x86
		{20C44B37-340C-45F8-A1CD-EA4E59B0FCE6}.Debug|x64.ActiveCfg = Debug|x64
		{20C44B37-340C-45F8-A1CD-EA4E59B0FCE6}.Debug|x64.Build.0 = Debug|x64
		{20C44B37-340C-45F8-A1CD-EA4E59B0FCE6}.Debug|x64.Deploy.0 = Debug|x64
		{20C44B37-340C-45F8-A1CD-EA4E59B0FCE6}.Debug|x86.ActiveCfg = Debug|x86
		{20C44B37-340C-45F8-A1CD-EA4E59B0FCE6}.Debug|x86.Build.0 = Debug|x86
		{20C44B37-340C-45F8-A1CD-EA4E59B0FCE6}.Debug|x86.Deploy.0 = Debug|x86
		{20C44B37-340C-45F8-A1CD-EA4E59B0FCE6}.Release|Any CPU.ActiveCfg = Release|x86
		{20C44B37-340C-45F8-A1CD-EA4E59B0FCE6}.Release|ARM.ActiveCfg = Release|ARM
		{20C44B37-340C-45F8-A1CD-EA4E59B0FCE6}.Release|ARM.Build.0 = Release|ARM
		{20C44B37-340C-45F8-A1CD-EA4E59B0FCE6}.Release|ARM.Deploy.0 = Release|ARM
		{20C44B37-340C-45F8-A1CD-EA4E59B0FCE6}.Release|iPhone.ActiveCfg = Release|x86
		{20C44B37-340C-45F8-A1CD-EA4E59B0FCE6}.Release|iPhoneSimulator.ActiveCfg = Release|x86
		{20C44B37-340C-45F8-A1CD-EA4E59B0FCE6}.Release|x64.ActiveCfg = Release|x64
		{20C44B37-340C-45F8-A1CD-EA4E59B0FCE6}.Release|x64.Build.0 = Release|x64
		{20C44B37-340C-45F8-A1CD-EA4E59B0FCE6}.Release|x64.Deploy.0 = Release|x64
		{20C44B37-340C-45F8-A1CD-EA4E59B0FCE6}.Release|x86.ActiveCfg = Release|x86
		{20C44B37-340C-45F8-A1CD-EA4E59B0FCE6}.Release|x86.Build.0 = Release|x86
		{20C44B37-340C-45F8-A1CD-EA4E59B0FCE6}.Release|x86.Deploy.0 = Release|x86
		{4C8B35FF-3F3D-44D4-8D7E-F7B053E9D28D}.Debug|Any CPU.ActiveCfg = Debug|Any CPU
		{4C8B35FF-3F3D-44D4-8D7E-F7B053E9D28D}.Debug|Any CPU.Build.0 = Debug|Any CPU
		{4C8B35FF-3F3D-44D4-8D7E-F7B053E9D28D}.Debug|ARM.ActiveCfg = Debug|Any CPU
		{4C8B35FF-3F3D-44D4-8D7E-F7B053E9D28D}.Debug|ARM.Build.0 = Debug|Any CPU
		{4C8B35FF-3F3D-44D4-8D7E-F7B053E9D28D}.Debug|iPhone.ActiveCfg = Debug|Any CPU
		{4C8B35FF-3F3D-44D4-8D7E-F7B053E9D28D}.Debug|iPhone.Build.0 = Debug|Any CPU
		{4C8B35FF-3F3D-44D4-8D7E-F7B053E9D28D}.Debug|iPhoneSimulator.ActiveCfg = Debug|Any CPU
		{4C8B35FF-3F3D-44D4-8D7E-F7B053E9D28D}.Debug|iPhoneSimulator.Build.0 = Debug|Any CPU
		{4C8B35FF-3F3D-44D4-8D7E-F7B053E9D28D}.Debug|x64.ActiveCfg = Debug|Any CPU
		{4C8B35FF-3F3D-44D4-8D7E-F7B053E9D28D}.Debug|x64.Build.0 = Debug|Any CPU
		{4C8B35FF-3F3D-44D4-8D7E-F7B053E9D28D}.Debug|x86.ActiveCfg = Debug|Any CPU
		{4C8B35FF-3F3D-44D4-8D7E-F7B053E9D28D}.Debug|x86.Build.0 = Debug|Any CPU
		{4C8B35FF-3F3D-44D4-8D7E-F7B053E9D28D}.Release|Any CPU.ActiveCfg = Release|Any CPU
		{4C8B35FF-3F3D-44D4-8D7E-F7B053E9D28D}.Release|Any CPU.Build.0 = Release|Any CPU
		{4C8B35FF-3F3D-44D4-8D7E-F7B053E9D28D}.Release|ARM.ActiveCfg = Release|Any CPU
		{4C8B35FF-3F3D-44D4-8D7E-F7B053E9D28D}.Release|ARM.Build.0 = Release|Any CPU
		{4C8B35FF-3F3D-44D4-8D7E-F7B053E9D28D}.Release|iPhone.ActiveCfg = Release|Any CPU
		{4C8B35FF-3F3D-44D4-8D7E-F7B053E9D28D}.Release|iPhone.Build.0 = Release|Any CPU
		{4C8B35FF-3F3D-44D4-8D7E-F7B053E9D28D}.Release|iPhoneSimulator.ActiveCfg = Release|Any CPU
		{4C8B35FF-3F3D-44D4-8D7E-F7B053E9D28D}.Release|iPhoneSimulator.Build.0 = Release|Any CPU
		{4C8B35FF-3F3D-44D4-8D7E-F7B053E9D28D}.Release|x64.ActiveCfg = Release|Any CPU
		{4C8B35FF-3F3D-44D4-8D7E-F7B053E9D28D}.Release|x64.Build.0 = Release|Any CPU
		{4C8B35FF-3F3D-44D4-8D7E-F7B053E9D28D}.Release|x86.ActiveCfg = Release|Any CPU
		{4C8B35FF-3F3D-44D4-8D7E-F7B053E9D28D}.Release|x86.Build.0 = Release|Any CPU
	EndGlobalSection
	GlobalSection(SolutionProperties) = preSolution
		HideSolutionNode = FALSE
	EndGlobalSection
	GlobalSection(ExtensibilityGlobals) = postSolution
		SolutionGuid = {26A86FEA-2DCB-4062-9D53-34CD22BB6347}
	EndGlobalSection
EndGlobal
